
Microsoft Visual Studio Solution File, Format Version 12.00
# Visual Studio Version 17
VisualStudioVersion = 17.8.34525.116
MinimumVisualStudioVersion = 10.0.40219.1
Project("{FAE04EC0-301F-11D3-BF4B-00C04F79EFBC}") = "GameZone", "GameZone\GameZone.csproj", "{F30C8AFC-44BD-4893-BEBD-FFCC0F14DA0A}"
EndProject
Global
	GlobalSection(SolutionConfigurationPlatforms) = preSolution
		Debug|Any CPU = Debug|Any CPU
		Release|Any CPU = Release|Any CPU
	EndGlobalSection
	GlobalSection(ProjectConfigurationPlatforms) = postSolution
		{F30C8AFC-44BD-4893-BEBD-FFCC0F14DA0A}.Debug|Any CPU.ActiveCfg = Debug|Any CPU
		{F30C8AFC-44BD-4893-BEBD-FFCC0F14DA0A}.Debug|Any CPU.Build.0 = Debug|Any CPU
		{F30C8AFC-44BD-4893-BEBD-FFCC0F14DA0A}.Release|Any CPU.ActiveCfg = Release|Any CPU
		{F30C8AFC-44BD-4893-BEBD-FFCC0F14DA0A}.Release|Any CPU.Build.0 = Release|Any CPU
	EndGlobalSection
	GlobalSection(SolutionProperties) = preSolution
		HideSolutionNode = FALSE
	EndGlobalSection
	GlobalSection(ExtensibilityGlobals) = postSolution
		SolutionGuid = {956880D1-7206-4944-95D8-9781F8D46C59}
	EndGlobalSection
EndGlobal
